
Microsoft Visual Studio Solution File, Format Version 12.00
# Visual Studio 15
VisualStudioVersion = 15.0.27130.2020
MinimumVisualStudioVersion = 10.0.40219.1
Project("{9A19103F-16F7-4668-BE54-9A1E7A4F7556}") = "AngularSPA", "AngularSPA\AngularSPA.csproj", "{6F5F1464-44F7-4495-93E4-7B6B4ED0D185}"
EndProject
Project("{9A19103F-16F7-4668-BE54-9A1E7A4F7556}") = "AngularSPA.Tests", "AngularSPA.Tests\AngularSPA.Tests.csproj", "{5E97E90D-0F97-4F11-A173-95CC09C0349F}"
	ProjectSection(ProjectDependencies) = postProject
		{6F5F1464-44F7-4495-93E4-7B6B4ED0D185} = {6F5F1464-44F7-4495-93E4-7B6B4ED0D185}
	EndProjectSection
EndProject
Global
	GlobalSection(SolutionConfigurationPlatforms) = preSolution
		Debug|Any CPU = Debug|Any CPU
		Release|Any CPU = Release|Any CPU
	EndGlobalSection
	GlobalSection(ProjectConfigurationPlatforms) = postSolution
		{6F5F1464-44F7-4495-93E4-7B6B4ED0D185}.Debug|Any CPU.ActiveCfg = Debug|Any CPU
		{6F5F1464-44F7-4495-93E4-7B6B4ED0D185}.Debug|Any CPU.Build.0 = Debug|Any CPU
		{6F5F1464-44F7-4495-93E4-7B6B4ED0D185}.Release|Any CPU.ActiveCfg = Release|Any CPU
		{6F5F1464-44F7-4495-93E4-7B6B4ED0D185}.Release|Any CPU.Build.0 = Release|Any CPU
		{5E97E90D-0F97-4F11-A173-95CC09C0349F}.Debug|Any CPU.ActiveCfg = Debug|Any CPU
		{5E97E90D-0F97-4F11-A173-95CC09C0349F}.Debug|Any CPU.Build.0 = Debug|Any CPU
		{5E97E90D-0F97-4F11-A173-95CC09C0349F}.Release|Any CPU.ActiveCfg = Release|Any CPU
		{5E97E90D-0F97-4F11-A173-95CC09C0349F}.Release|Any CPU.Build.0 = Release|Any CPU
	EndGlobalSection
	GlobalSection(SolutionProperties) = preSolution
		HideSolutionNode = FALSE
	EndGlobalSection
	GlobalSection(ExtensibilityGlobals) = postSolution
		SolutionGuid = {50D8BE51-1731-4D63-AFD7-1D26147882FB}
	EndGlobalSection
EndGlobal
